
Microsoft Visual Studio Solution File, Format Version 12.00
# Visual Studio Version 17
VisualStudioVersion = 17.5.33530.505
MinimumVisualStudioVersion = 10.0.40219.1
Project("{FAE04EC0-301F-11D3-BF4B-00C04F79EFBC}") = "ExerciseProject.API", "ExerciseProject.API\ExerciseProject.API.csproj", "{12D63445-8B42-4AA8-BACA-C9A5A2269EF7}"
EndProject
Global
	GlobalSection(SolutionConfigurationPlatforms) = preSolution
		Debug|Any CPU = Debug|Any CPU
		Release|Any CPU = Release|Any CPU
	EndGlobalSection
	GlobalSection(ProjectConfigurationPlatforms) = postSolution
		{12D63445-8B42-4AA8-BACA-C9A5A2269EF7}.Debug|Any CPU.ActiveCfg = Debug|Any CPU
		{12D63445-8B42-4AA8-BACA-C9A5A2269EF7}.Debug|Any CPU.Build.0 = Debug|Any CPU
		{12D63445-8B42-4AA8-BACA-C9A5A2269EF7}.Release|Any CPU.ActiveCfg = Release|Any CPU
		{12D63445-8B42-4AA8-BACA-C9A5A2269EF7}.Release|Any CPU.Build.0 = Release|Any CPU
	EndGlobalSection
	GlobalSection(SolutionProperties) = preSolution
		HideSolutionNode = FALSE
	EndGlobalSection
	GlobalSection(ExtensibilityGlobals) = postSolution
		SolutionGuid = {D4304A4A-B856-4911-A568-4251193A47D3}
	EndGlobalSection
EndGlobal
